// !$*UTF8*$!
{
	archiveVersion = 1;
	classes = {
	};
	objectVersion = 56;
	objects = {

/* Begin PBXBuildFile section */
		419B03DDEB5F86E4880D8577 /* Pods_Rive_animation.framework in Frameworks */ = {isa = PBXBuildFile; fileRef = 80536EAF96111417AB7B8E1C /* Pods_Rive_animation.framework */; };
		6A6BF4842DBA2F3300A3445D /* RiveOverlayBugViewController.swift in Sources */ = {isa = PBXBuildFile; fileRef = 6A6BF4832DBA2F3300A3445D /* RiveOverlayBugViewController.swift */; };
		6A6BF4862DBA2F6200A3445D /* RiveContainerView.swift in Sources */ = {isa = PBXBuildFile; fileRef = 6A6BF4852DBA2F6200A3445D /* RiveContainerView.swift */; };
		6A6BF48E2DBA359B00A3445D /* RiveTableViewCell.swift in Sources */ = {isa = PBXBuildFile; fileRef = 6A6BF48D2DBA359B00A3445D /* RiveTableViewCell.swift */; };
		C47B61582CD206DF00DF9BF0 /* AppDelegate.swift in Sources */ = {isa = PBXBuildFile; fileRef = C47B61572CD206DF00DF9BF0 /* AppDelegate.swift */; };
		C47B615A2CD206DF00DF9BF0 /* SceneDelegate.swift in Sources */ = {isa = PBXBuildFile; fileRef = C47B61592CD206DF00DF9BF0 /* SceneDelegate.swift */; };
		C47B615F2CD206DF00DF9BF0 /* Base in Resources */ = {isa = PBXBuildFile; fileRef = C47B615E2CD206DF00DF9BF0 /* Base */; };
		C47B61612CD206E000DF9BF0 /* Assets.xcassets in Resources */ = {isa = PBXBuildFile; fileRef = C47B61602CD206E000DF9BF0 /* Assets.xcassets */; };
		C47B61642CD206E000DF9BF0 /* Base in Resources */ = {isa = PBXBuildFile; fileRef = C47B61632CD206E000DF9BF0 /* Base */; };
/* End PBXBuildFile section */

/* Begin PBXFileReference section */
		10C054462B06C620B3E03C93 /* Pods-Rive animation.release.xcconfig */ = {isa = PBXFileReference; includeInIndex = 1; lastKnownFileType = text.xcconfig; name = "Pods-Rive animation.release.xcconfig"; path = "Target Support Files/Pods-Rive animation/Pods-Rive animation.release.xcconfig"; sourceTree = "<group>"; };
		433DADD6BB0740A60D7FA44B /* Pods-Rive animation.debug.xcconfig */ = {isa = PBXFileReference; includeInIndex = 1; lastKnownFileType = text.xcconfig; name = "Pods-Rive animation.debug.xcconfig"; path = "Target Support Files/Pods-Rive animation/Pods-Rive animation.debug.xcconfig"; sourceTree = "<group>"; };
		6A6BF4832DBA2F3300A3445D /* RiveOverlayBugViewController.swift */ = {isa = PBXFileReference; lastKnownFileType = sourcecode.swift; path = RiveOverlayBugViewController.swift; sourceTree = "<group>"; };
		6A6BF4852DBA2F6200A3445D /* RiveContainerView.swift */ = {isa = PBXFileReference; lastKnownFileType = sourcecode.swift; path = RiveContainerView.swift; sourceTree = "<group>"; };
		6A6BF48D2DBA359B00A3445D /* RiveTableViewCell.swift */ = {isa = PBXFileReference; lastKnownFileType = sourcecode.swift; path = RiveTableViewCell.swift; sourceTree = "<group>"; };
		80536EAF96111417AB7B8E1C /* Pods_Rive_animation.framework */ = {isa = PBXFileReference; explicitFileType = wrapper.framework; includeInIndex = 0; path = Pods_Rive_animation.framework; sourceTree = BUILT_PRODUCTS_DIR; };
		C47B61542CD206DF00DF9BF0 /* Rive animation.app */ = {isa = PBXFileReference; explicitFileType = wrapper.application; includeInIndex = 0; path = "Rive animation.app"; sourceTree = BUILT_PRODUCTS_DIR; };
		C47B61572CD206DF00DF9BF0 /* AppDelegate.swift */ = {isa = PBXFileReference; lastKnownFileType = sourcecode.swift; path = AppDelegate.swift; sourceTree = "<group>"; };
		C47B61592CD206DF00DF9BF0 /* SceneDelegate.swift */ = {isa = PBXFileReference; lastKnownFileType = sourcecode.swift; path = SceneDelegate.swift; sourceTree = "<group>"; };
		C47B615E2CD206DF00DF9BF0 /* Base */ = {isa = PBXFileReference; lastKnownFileType = file.storyboard; name = Base; path = Base.lproj/Main.storyboard; sourceTree = "<group>"; };
		C47B61602CD206E000DF9BF0 /* Assets.xcassets */ = {isa = PBXFileReference; lastKnownFileType = folder.assetcatalog; path = Assets.xcassets; sourceTree = "<group>"; };
		C47B61632CD206E000DF9BF0 /* Base */ = {isa = PBXFileReference; lastKnownFileType = file.storyboard; name = Base; path = Base.lproj/LaunchScreen.storyboard; sourceTree = "<group>"; };
		C47B61652CD206E000DF9BF0 /* Info.plist */ = {isa = PBXFileReference; lastKnownFileType = text.plist.xml; path = Info.plist; sourceTree = "<group>"; };
/* End PBXFileReference section */

/* Begin PBXFrameworksBuildPhase section */
		C47B61512CD206DF00DF9BF0 /* Frameworks */ = {
			isa = PBXFrameworksBuildPhase;
			buildActionMask = 2147483647;
			files = (
				419B03DDEB5F86E4880D8577 /* Pods_Rive_animation.framework in Frameworks */,
			);
			runOnlyForDeploymentPostprocessing = 0;
		};
/* End PBXFrameworksBuildPhase section */

/* Begin PBXGroup section */
		5CFB31F1B70ACFDA1E8E05EB /* Frameworks */ = {
			isa = PBXGroup;
			children = (
				80536EAF96111417AB7B8E1C /* Pods_Rive_animation.framework */,
			);
			name = Frameworks;
			sourceTree = "<group>";
		};
		6A6BF4822DBA2F2300A3445D /* RiveOverlayBug */ = {
			isa = PBXGroup;
			children = (
				6A6BF4832DBA2F3300A3445D /* RiveOverlayBugViewController.swift */,
				6A6BF4852DBA2F6200A3445D /* RiveContainerView.swift */,
				6A6BF48D2DBA359B00A3445D /* RiveTableViewCell.swift */,
			);
			path = RiveOverlayBug;
			sourceTree = "<group>";
		};
		C47B614B2CD206DF00DF9BF0 = {
			isa = PBXGroup;
			children = (
				C47B61562CD206DF00DF9BF0 /* Rive animation */,
				C47B61552CD206DF00DF9BF0 /* Products */,
				CA273CEC9F567BD2D70A6539 /* Pods */,
				5CFB31F1B70ACFDA1E8E05EB /* Frameworks */,
			);
			sourceTree = "<group>";
		};
		C47B61552CD206DF00DF9BF0 /* Products */ = {
			isa = PBXGroup;
			children = (
				C47B61542CD206DF00DF9BF0 /* Rive animation.app */,
			);
			name = Products;
			sourceTree = "<group>";
		};
		C47B61562CD206DF00DF9BF0 /* Rive animation */ = {
			isa = PBXGroup;
			children = (
				6A6BF4822DBA2F2300A3445D /* RiveOverlayBug */,
				C47B61572CD206DF00DF9BF0 /* AppDelegate.swift */,
				C47B61592CD206DF00DF9BF0 /* SceneDelegate.swift */,
				C47B615D2CD206DF00DF9BF0 /* Main.storyboard */,
				C47B61602CD206E000DF9BF0 /* Assets.xcassets */,
				C47B61622CD206E000DF9BF0 /* LaunchScreen.storyboard */,
				C47B61652CD206E000DF9BF0 /* Info.plist */,
			);
			path = "Rive animation";
			sourceTree = "<group>";
		};
		CA273CEC9F567BD2D70A6539 /* Pods */ = {
			isa = PBXGroup;
			children = (
				433DADD6BB0740A60D7FA44B /* Pods-Rive animation.debug.xcconfig */,
				10C054462B06C620B3E03C93 /* Pods-Rive animation.release.xcconfig */,
			);
			path = Pods;
			sourceTree = "<group>";
		};
/* End PBXGroup section */

/* Begin PBXNativeTarget section */
		C47B61532CD206DF00DF9BF0 /* Rive animation */ = {
			isa = PBXNativeTarget;
			buildConfigurationList = C47B61682CD206E000DF9BF0 /* Build configuration list for PBXNativeTarget "Rive animation" */;
			buildPhases = (
				9EDD05304EBEB71846351823 /* [CP] Check Pods Manifest.lock */,
				C47B61502CD206DF00DF9BF0 /* Sources */,
				C47B61512CD206DF00DF9BF0 /* Frameworks */,
				C47B61522CD206DF00DF9BF0 /* Resources */,
				F1FFE442B383C712C0D74BC9 /* [CP] Embed Pods Frameworks */,
				923B32404507DC67DE9586C5 /* [CP] Copy Pods Resources */,
			);
			buildRules = (
			);
			dependencies = (
			);
			name = "Rive animation";
			productName = "Rive animation";
			productReference = C47B61542CD206DF00DF9BF0 /* Rive animation.app */;
			productType = "com.apple.product-type.application";
		};
/* End PBXNativeTarget section */

/* Begin PBXProject section */
		C47B614C2CD206DF00DF9BF0 /* Project object */ = {
			isa = PBXProject;
			attributes = {
				BuildIndependentTargetsInParallel = 1;
				LastSwiftUpdateCheck = 1540;
				LastUpgradeCheck = 1540;
				TargetAttributes = {
					C47B61532CD206DF00DF9BF0 = {
						CreatedOnToolsVersion = 15.4;
					};
				};
			};
			buildConfigurationList = C47B614F2CD206DF00DF9BF0 /* Build configuration list for PBXProject "Rive animation" */;
			compatibilityVersion = "Xcode 14.0";
			developmentRegion = en;
			hasScannedForEncodings = 0;
			knownRegions = (
				en,
				Base,
			);
			mainGroup = C47B614B2CD206DF00DF9BF0;
			productRefGroup = C47B61552CD206DF00DF9BF0 /* Products */;
			projectDirPath = "";
			projectRoot = "";
			targets = (
				C47B61532CD206DF00DF9BF0 /* Rive animation */,
			);
		};
/* End PBXProject section */

/* Begin PBXResourcesBuildPhase section */
		C47B61522CD206DF00DF9BF0 /* Resources */ = {
			isa = PBXResourcesBuildPhase;
			buildActionMask = 2147483647;
			files = (
				C47B61612CD206E000DF9BF0 /* Assets.xcassets in Resources */,
				C47B61642CD206E000DF9BF0 /* Base in Resources */,
				C47B615F2CD206DF00DF9BF0 /* Base in Resources */,
			);
			runOnlyForDeploymentPostprocessing = 0;
		};
/* End PBXResourcesBuildPhase section */

/* Begin PBXShellScriptBuildPhase section */
		923B32404507DC67DE9586C5 /* [CP] Copy Pods Resources */ = {
			isa = PBXShellScriptBuildPhase;
			buildActionMask = 2147483647;
			files = (
			);
			inputFileListPaths = (
				"${PODS_ROOT}/Target Support Files/Pods-Rive animation/Pods-Rive animation-resources-${CONFIGURATION}-input-files.xcfilelist",
			);
			name = "[CP] Copy Pods Resources";
			outputFileListPaths = (
				"${PODS_ROOT}/Target Support Files/Pods-Rive animation/Pods-Rive animation-resources-${CONFIGURATION}-output-files.xcfilelist",
			);
			runOnlyForDeploymentPostprocessing = 0;
			shellPath = /bin/sh;
			shellScript = "\"${PODS_ROOT}/Target Support Files/Pods-Rive animation/Pods-Rive animation-resources.sh\"\n";
			showEnvVarsInLog = 0;
		};
		9EDD05304EBEB71846351823 /* [CP] Check Pods Manifest.lock */ = {
			isa = PBXShellScriptBuildPhase;
			buildActionMask = 2147483647;
			files = (
			);
			inputFileListPaths = (
			);
			inputPaths = (
				"${PODS_PODFILE_DIR_PATH}/Podfile.lock",
				"${PODS_ROOT}/Manifest.lock",
			);
			name = "[CP] Check Pods Manifest.lock";
			outputFileListPaths = (
			);
			outputPaths = (
				"$(DERIVED_FILE_DIR)/Pods-Rive animation-checkManifestLockResult.txt",
			);
			runOnlyForDeploymentPostprocessing = 0;
			shellPath = /bin/sh;
			shellScript = "diff \"${PODS_PODFILE_DIR_PATH}/Podfile.lock\" \"${PODS_ROOT}/Manifest.lock\" > /dev/null\nif [ $? != 0 ] ; then\n    # print error to STDERR\n    echo \"error: The sandbox is not in sync with the Podfile.lock. Run 'pod install' or update your CocoaPods installation.\" >&2\n    exit 1\nfi\n# This output is used by Xcode 'outputs' to avoid re-running this script phase.\necho \"SUCCESS\" > \"${SCRIPT_OUTPUT_FILE_0}\"\n";
			showEnvVarsInLog = 0;
		};
		F1FFE442B383C712C0D74BC9 /* [CP] Embed Pods Frameworks */ = {
			isa = PBXShellScriptBuildPhase;
			buildActionMask = 2147483647;
			files = (
			);
			inputFileListPaths = (
				"${PODS_ROOT}/Target Support Files/Pods-Rive animation/Pods-Rive animation-frameworks-${CONFIGURATION}-input-files.xcfilelist",
			);
			name = "[CP] Embed Pods Frameworks";
			outputFileListPaths = (
				"${PODS_ROOT}/Target Support Files/Pods-Rive animation/Pods-Rive animation-frameworks-${CONFIGURATION}-output-files.xcfilelist",
			);
			runOnlyForDeploymentPostprocessing = 0;
			shellPath = /bin/sh;
			shellScript = "\"${PODS_ROOT}/Target Support Files/Pods-Rive animation/Pods-Rive animation-frameworks.sh\"\n";
			showEnvVarsInLog = 0;
		};
/* End PBXShellScriptBuildPhase section */

/* Begin PBXSourcesBuildPhase section */
		C47B61502CD206DF00DF9BF0 /* Sources */ = {
			isa = PBXSourcesBuildPhase;
			buildActionMask = 2147483647;
			files = (
				C47B61582CD206DF00DF9BF0 /* AppDelegate.swift in Sources */,
				6A6BF4862DBA2F6200A3445D /* RiveContainerView.swift in Sources */,
				C47B615A2CD206DF00DF9BF0 /* SceneDelegate.swift in Sources */,
				6A6BF4842DBA2F3300A3445D /* RiveOverlayBugViewController.swift in Sources */,
				6A6BF48E2DBA359B00A3445D /* RiveTableViewCell.swift in Sources */,
			);
			runOnlyForDeploymentPostprocessing = 0;
		};
/* End PBXSourcesBuildPhase section */

/* Begin PBXVariantGroup section */
		C47B615D2CD206DF00DF9BF0 /* Main.storyboard */ = {
			isa = PBXVariantGroup;
			children = (
				C47B615E2CD206DF00DF9BF0 /* Base */,
			);
			name = Main.storyboard;
			sourceTree = "<group>";
		};
		C47B61622CD206E000DF9BF0 /* LaunchScreen.storyboard */ = {
			isa = PBXVariantGroup;
			children = (
				C47B61632CD206E000DF9BF0 /* Base */,
			);
			name = LaunchScreen.storyboard;
			sourceTree = "<group>";
		};
/* End PBXVariantGroup section */

/* Begin XCBuildConfiguration section */
		C47B61662CD206E000DF9BF0 /* Debug */ = {
			isa = XCBuildConfiguration;
			buildSettings = {
				ALWAYS_SEARCH_USER_PATHS = NO;
				ASSETCATALOG_COMPILER_GENERATE_SWIFT_ASSET_SYMBOL_EXTENSIONS = YES;
				CLANG_ANALYZER_NONNULL = YES;
				CLANG_ANALYZER_NUMBER_OBJECT_CONVERSION = YES_AGGRESSIVE;
				CLANG_CXX_LANGUAGE_STANDARD = "gnu++20";
				CLANG_ENABLE_MODULES = YES;
				CLANG_ENABLE_OBJC_ARC = YES;
				CLANG_ENABLE_OBJC_WEAK = YES;
				CLANG_WARN_BLOCK_CAPTURE_AUTORELEASING = YES;
				CLANG_WARN_BOOL_CONVERSION = YES;
				CLANG_WARN_COMMA = YES;
				CLANG_WARN_CONSTANT_CONVERSION = YES;
				CLANG_WARN_DEPRECATED_OBJC_IMPLEMENTATIONS = YES;
				CLANG_WARN_DIRECT_OBJC_ISA_USAGE = YES_ERROR;
				CLANG_WARN_DOCUMENTATION_COMMENTS = YES;
				CLANG_WARN_EMPTY_BODY = YES;
				CLANG_WARN_ENUM_CONVERSION = YES;
				CLANG_WARN_INFINITE_RECURSION = YES;
				CLANG_WARN_INT_CONVERSION = YES;
				CLANG_WARN_NON_LITERAL_NULL_CONVERSION = YES;
				CLANG_WARN_OBJC_IMPLICIT_RETAIN_SELF = YES;
				CLANG_WARN_OBJC_LITERAL_CONVERSION = YES;
				CLANG_WARN_OBJC_ROOT_CLASS = YES_ERROR;
				CLANG_WARN_QUOTED_INCLUDE_IN_FRAMEWORK_HEADER = YES;
				CLANG_WARN_RANGE_LOOP_ANALYSIS = YES;
				CLANG_WARN_STRICT_PROTOTYPES = YES;
				CLANG_WARN_SUSPICIOUS_MOVE = YES;
				CLANG_WARN_UNGUARDED_AVAILABILITY = YES_AGGRESSIVE;
				CLANG_WARN_UNREACHABLE_CODE = YES;
				CLANG_WARN__DUPLICATE_METHOD_MATCH = YES;
				COPY_PHASE_STRIP = NO;
				DEBUG_INFORMATION_FORMAT = dwarf;
				ENABLE_STRICT_OBJC_MSGSEND = YES;
				ENABLE_TESTABILITY = YES;
				ENABLE_USER_SCRIPT_SANDBOXING = NO;
				GCC_C_LANGUAGE_STANDARD = gnu17;
				GCC_DYNAMIC_NO_PIC = NO;
				GCC_NO_COMMON_BLOCKS = YES;
				GCC_OPTIMIZATION_LEVEL = 0;
				GCC_PREPROCESSOR_DEFINITIONS = (
					"DEBUG=1",
					"$(inherited)",
				);
				GCC_WARN_64_TO_32_BIT_CONVERSION = YES;
				GCC_WARN_ABOUT_RETURN_TYPE = YES_ERROR;
				GCC_WARN_UNDECLARED_SELECTOR = YES;
				GCC_WARN_UNINITIALIZED_AUTOS = YES_AGGRESSIVE;
				GCC_WARN_UNUSED_FUNCTION = YES;
				GCC_WARN_UNUSED_VARIABLE = YES;
				IPHONEOS_DEPLOYMENT_TARGET = 17.0;
				LOCALIZATION_PREFERS_STRING_CATALOGS = YES;
				MTL_ENABLE_DEBUG_INFO = INCLUDE_SOURCE;
				MTL_FAST_MATH = YES;
				ONLY_ACTIVE_ARCH = YES;
				SDKROOT = iphoneos;
				SWIFT_ACTIVE_COMPILATION_CONDITIONS = "DEBUG $(inherited)";
				SWIFT_OPTIMIZATION_LEVEL = "-Onone";
				SWIFT_VERSION = 5.0;
			};
			name = Debug;
		};
		C47B61672CD206E000DF9BF0 /* Release */ = {
			isa = XCBuildConfiguration;
			buildSettings = {
				ALWAYS_SEARCH_USER_PATHS = NO;
				ASSETCATALOG_COMPILER_GENERATE_SWIFT_ASSET_SYMBOL_EXTENSIONS = YES;
				CLANG_ANALYZER_NONNULL = YES;
				CLANG_ANALYZER_NUMBER_OBJECT_CONVERSION = YES_AGGRESSIVE;
				CLANG_CXX_LANGUAGE_STANDARD = "gnu++20";
				CLANG_ENABLE_MODULES = YES;
				CLANG_ENABLE_OBJC_ARC = YES;
				CLANG_ENABLE_OBJC_WEAK = YES;
				CLANG_WARN_BLOCK_CAPTURE_AUTORELEASING = YES;
				CLANG_WARN_BOOL_CONVERSION = YES;
				CLANG_WARN_COMMA = YES;
				CLANG_WARN_CONSTANT_CONVERSION = YES;
				CLANG_WARN_DEPRECATED_OBJC_IMPLEMENTATIONS = YES;
				CLANG_WARN_DIRECT_OBJC_ISA_USAGE = YES_ERROR;
				CLANG_WARN_DOCUMENTATION_COMMENTS = YES;
				CLANG_WARN_EMPTY_BODY = YES;
				CLANG_WARN_ENUM_CONVERSION = YES;
				CLANG_WARN_INFINITE_RECURSION = YES;
				CLANG_WARN_INT_CONVERSION = YES;
				CLANG_WARN_NON_LITERAL_NULL_CONVERSION = YES;
				CLANG_WARN_OBJC_IMPLICIT_RETAIN_SELF = YES;
				CLANG_WARN_OBJC_LITERAL_CONVERSION = YES;
				CLANG_WARN_OBJC_ROOT_CLASS = YES_ERROR;
				CLANG_WARN_QUOTED_INCLUDE_IN_FRAMEWORK_HEADER = YES;
				CLANG_WARN_RANGE_LOOP_ANALYSIS = YES;
				CLANG_WARN_STRICT_PROTOTYPES = YES;
				CLANG_WARN_SUSPICIOUS_MOVE = YES;
				CLANG_WARN_UNGUARDED_AVAILABILITY = YES_AGGRESSIVE;
				CLANG_WARN_UNREACHABLE_CODE = YES;
				CLANG_WARN__DUPLICATE_METHOD_MATCH = YES;
				COPY_PHASE_STRIP = NO;
				DEBUG_INFORMATION_FORMAT = "dwarf-with-dsym";
				ENABLE_NS_ASSERTIONS = NO;
				ENABLE_STRICT_OBJC_MSGSEND = YES;
				ENABLE_USER_SCRIPT_SANDBOXING = NO;
				GCC_C_LANGUAGE_STANDARD = gnu17;
				GCC_NO_COMMON_BLOCKS = YES;
				GCC_WARN_64_TO_32_BIT_CONVERSION = YES;
				GCC_WARN_ABOUT_RETURN_TYPE = YES_ERROR;
				GCC_WARN_UNDECLARED_SELECTOR = YES;
				GCC_WARN_UNINITIALIZED_AUTOS = YES_AGGRESSIVE;
				GCC_WARN_UNUSED_FUNCTION = YES;
				GCC_WARN_UNUSED_VARIABLE = YES;
				IPHONEOS_DEPLOYMENT_TARGET = 17.0;
				LOCALIZATION_PREFERS_STRING_CATALOGS = YES;
				MTL_ENABLE_DEBUG_INFO = NO;
				MTL_FAST_MATH = YES;
				SDKROOT = iphoneos;
				SWIFT_COMPILATION_MODE = wholemodule;
				SWIFT_OPTIMIZATION_LEVEL = "-Owholemodule";
				SWIFT_VERSION = 5.0;
				VALIDATE_PRODUCT = YES;
			};
			name = Release;
		};
		C47B61692CD206E000DF9BF0 /* Debug */ = {
			isa = XCBuildConfiguration;
			baseConfigurationReference = 433DADD6BB0740A60D7FA44B /* Pods-Rive animation.debug.xcconfig */;
			buildSettings = {
				ASSETCATALOG_COMPILER_APPICON_NAME = AppIcon;
				ASSETCATALOG_COMPILER_GLOBAL_ACCENT_COLOR_NAME = AccentColor;
				CODE_SIGN_IDENTITY = "Apple Development";
				CODE_SIGN_STYLE = Automatic;
				CURRENT_PROJECT_VERSION = 1;
				DEVELOPMENT_TEAM = DL4A7FUZ6U;
				GENERATE_INFOPLIST_FILE = YES;
				INFOPLIST_FILE = "Rive animation/Info.plist";
				INFOPLIST_KEY_UIApplicationSupportsIndirectInputEvents = YES;
				INFOPLIST_KEY_UILaunchStoryboardName = LaunchScreen;
				INFOPLIST_KEY_UIMainStoryboardFile = Main;
				INFOPLIST_KEY_UISupportedInterfaceOrientations_iPad = "UIInterfaceOrientationPortrait UIInterfaceOrientationPortraitUpsideDown UIInterfaceOrientationLandscapeLeft UIInterfaceOrientationLandscapeRight";
				INFOPLIST_KEY_UISupportedInterfaceOrientations_iPhone = "UIInterfaceOrientationPortrait UIInterfaceOrientationLandscapeLeft UIInterfaceOrientationLandscapeRight";
				IPHONEOS_DEPLOYMENT_TARGET = 15.0;
				LD_RUNPATH_SEARCH_PATHS = (
					"$(inherited)",
					"@executable_path/Frameworks",
				);
				MARKETING_VERSION = 1.0;
				PRODUCT_BUNDLE_IDENTIFIER = "com.kolesaKz.Rive-animation";
				PRODUCT_NAME = "$(TARGET_NAME)";
				PROVISIONING_PROFILE_SPECIFIER = "";
				SWIFT_EMIT_LOC_STRINGS = YES;
				SWIFT_VERSION = 5.0;
				TARGETED_DEVICE_FAMILY = "1,2";
			};
			name = Debug;
		};
		C47B616A2CD206E000DF9BF0 /* Release */ = {
			isa = XCBuildConfiguration;
			baseConfigurationReference = 10C054462B06C620B3E03C93 /* Pods-Rive animation.release.xcconfig */;
			buildSettings = {
				ASSETCATALOG_COMPILER_APPICON_NAME = AppIcon;
				ASSETCATALOG_COMPILER_GLOBAL_ACCENT_COLOR_NAME = AccentColor;
				CODE_SIGN_IDENTITY = "Apple Development";
				CODE_SIGN_STYLE = Automatic;
				CURRENT_PROJECT_VERSION = 1;
				DEVELOPMENT_TEAM = DL4A7FUZ6U;
				GENERATE_INFOPLIST_FILE = YES;
				INFOPLIST_FILE = "Rive animation/Info.plist";
				INFOPLIST_KEY_UIApplicationSupportsIndirectInputEvents = YES;
				INFOPLIST_KEY_UILaunchStoryboardName = LaunchScreen;
				INFOPLIST_KEY_UIMainStoryboardFile = Main;
				INFOPLIST_KEY_UISupportedInterfaceOrientations_iPad = "UIInterfaceOrientationPortrait UIInterfaceOrientationPortraitUpsideDown UIInterfaceOrientationLandscapeLeft UIInterfaceOrientationLandscapeRight";
				INFOPLIST_KEY_UISupportedInterfaceOrientations_iPhone = "UIInterfaceOrientationPortrait UIInterfaceOrientationLandscapeLeft UIInterfaceOrientationLandscapeRight";
				IPHONEOS_DEPLOYMENT_TARGET = 15.0;
				LD_RUNPATH_SEARCH_PATHS = (
					"$(inherited)",
					"@executable_path/Frameworks",
				);
				MARKETING_VERSION = 1.0;
				PRODUCT_BUNDLE_IDENTIFIER = "com.kolesaKz.Rive-animation";
				PRODUCT_NAME = "$(TARGET_NAME)";
				PROVISIONING_PROFILE_SPECIFIER = "";
				SWIFT_EMIT_LOC_STRINGS = YES;
				SWIFT_VERSION = 5.0;
				TARGETED_DEVICE_FAMILY = "1,2";
			};
			name = Release;
		};
/* End XCBuildConfiguration section */

/* Begin XCConfigurationList section */
		C47B614F2CD206DF00DF9BF0 /* Build configuration list for PBXProject "Rive animation" */ = {
			isa = XCConfigurationList;
			buildConfigurations = (
				C47B61662CD206E000DF9BF0 /* Debug */,
				C47B61672CD206E000DF9BF0 /* Release */,
			);
			defaultConfigurationIsVisible = 0;
			defaultConfigurationName = Release;
		};
		C47B61682CD206E000DF9BF0 /* Build configuration list for PBXNativeTarget "Rive animation" */ = {
			isa = XCConfigurationList;
			buildConfigurations = (
				C47B61692CD206E000DF9BF0 /* Debug */,
				C47B616A2CD206E000DF9BF0 /* Release */,
			);
			defaultConfigurationIsVisible = 0;
			defaultConfigurationName = Release;
		};
/* End XCConfigurationList section */
	};
	rootObject = C47B614C2CD206DF00DF9BF0 /* Project object */;
}
